
Microsoft Visual Studio Solution File, Format Version 12.00
# Visual Studio Version 16
VisualStudioVersion = 16.0.29319.158
MinimumVisualStudioVersion = 10.0.40219.1
Project("{FAE04EC0-301F-11D3-BF4B-00C04F79EFBC}") = "Proyecto1_Diplomado_Web_MVC_UASD.web", "Proyecto1_Diplomado_Web_MVC_UASD.web\Proyecto1_Diplomado_Web_MVC_UASD.web.csproj", "{9963B63B-1E2C-4A1C-A829-83D58D1CC46F}"
EndProject
Project("{FAE04EC0-301F-11D3-BF4B-00C04F79EFBC}") = "Proyecto2_Diplomado_Web_MVC_UASD.web", "Proyecto2_Diplomado_Web_MVC_UASD.web\Proyecto2_Diplomado_Web_MVC_UASD.web.csproj", "{B6F28315-0464-4691-9236-1F876FC4F88E}"
EndProject
Project("{FAE04EC0-301F-11D3-BF4B-00C04F79EFBC}") = "Proyecto3_Diplomado_Web_MVC_UASD.web", "Proyecto3_Diplomado_Web_MVC_UASD.web\Proyecto3_Diplomado_Web_MVC_UASD.web.csproj", "{A0925413-140F-4AE2-A393-201C31167673}"
EndProject
Project("{FAE04EC0-301F-11D3-BF4B-00C04F79EFBC}") = "Proyecto4_Diplomado_Web_MVC_UASD.Web", "Proyecto4_Diplomado_Web_MVC_UASD.Web\Proyecto4_Diplomado_Web_MVC_UASD.Web.csproj", "{E9284BC5-C336-4A1A-9548-AD11178283B1}"
EndProject
Project("{FAE04EC0-301F-11D3-BF4B-00C04F79EFBC}") = "Proyecto5_Diplomado_Web_MVC_UASD.Web", "Proyecto5_Diplomado_Web_MVC_UASD.Web\Proyecto5_Diplomado_Web_MVC_UASD.Web.csproj", "{5FD7AD0F-5F70-4A48-9007-B3B9778F7CA2}"
EndProject
Project("{FAE04EC0-301F-11D3-BF4B-00C04F79EFBC}") = "Desarrollo_Web_MVC_Pelicula.Web", "Desarrollo_Web_MVC_Pelicula.Web\Desarrollo_Web_MVC_Pelicula.Web.csproj", "{C5002B14-4701-4C4F-B8B8-3800252EA1FB}"
EndProject
Project("{FAE04EC0-301F-11D3-BF4B-00C04F79EFBC}") = "MVC-CRUD_DiplomadoUASD.Web", "MVC-CRUD_DiplomadoUASD.Web\MVC-CRUD_DiplomadoUASD.Web.csproj", "{F3115DE3-EBF9-44A7-9C3A-107578369F32}"
EndProject
Project("{FAE04EC0-301F-11D3-BF4B-00C04F79EFBC}") = "MVC_CRUD_DiplomadoUASD.Models", "MVC_CRUD_DiplomadoUASD.Models\MVC_CRUD_DiplomadoUASD.Models.csproj", "{F106B3A6-DAE8-44E9-BFD2-5948135C3207}"
EndProject
Project("{FAE04EC0-301F-11D3-BF4B-00C04F79EFBC}") = "MVC_CRUD_DiplomadoCodeFirst.Web", "MVC_CRUD_DiplomadoCodeFirst.Web\MVC_CRUD_DiplomadoCodeFirst.Web.csproj", "{B5341DF9-5A95-4E80-B495-D2598B158211}"
EndProject
Project("{FAE04EC0-301F-11D3-BF4B-00C04F79EFBC}") = "MVC_CRUD_DiplomadoCodeFirst.Models", "MVC_CRUD_DiplomadoCodeFirst.Models\MVC_CRUD_DiplomadoCodeFirst.Models.csproj", "{274725B5-B2EE-492F-ABD7-53E69C883519}"
EndProject
Global
	GlobalSection(SolutionConfigurationPlatforms) = preSolution
		Debug|Any CPU = Debug|Any CPU
		Release|Any CPU = Release|Any CPU
	EndGlobalSection
	GlobalSection(ProjectConfigurationPlatforms) = postSolution
		{9963B63B-1E2C-4A1C-A829-83D58D1CC46F}.Debug|Any CPU.ActiveCfg = Debug|Any CPU
		{9963B63B-1E2C-4A1C-A829-83D58D1CC46F}.Debug|Any CPU.Build.0 = Debug|Any CPU
		{9963B63B-1E2C-4A1C-A829-83D58D1CC46F}.Release|Any CPU.ActiveCfg = Release|Any CPU
		{9963B63B-1E2C-4A1C-A829-83D58D1CC46F}.Release|Any CPU.Build.0 = Release|Any CPU
		{B6F28315-0464-4691-9236-1F876FC4F88E}.Debug|Any CPU.ActiveCfg = Debug|Any CPU
		{B6F28315-0464-4691-9236-1F876FC4F88E}.Debug|Any CPU.Build.0 = Debug|Any CPU
		{B6F28315-0464-4691-9236-1F876FC4F88E}.Release|Any CPU.ActiveCfg = Release|Any CPU
		{B6F28315-0464-4691-9236-1F876FC4F88E}.Release|Any CPU.Build.0 = Release|Any CPU
		{A0925413-140F-4AE2-A393-201C31167673}.Debug|Any CPU.ActiveCfg = Debug|Any CPU
		{A0925413-140F-4AE2-A393-201C31167673}.Debug|Any CPU.Build.0 = Debug|Any CPU
		{A0925413-140F-4AE2-A393-201C31167673}.Release|Any CPU.ActiveCfg = Release|Any CPU
		{A0925413-140F-4AE2-A393-201C31167673}.Release|Any CPU.Build.0 = Release|Any CPU
		{E9284BC5-C336-4A1A-9548-AD11178283B1}.Debug|Any CPU.ActiveCfg = Debug|Any CPU
		{E9284BC5-C336-4A1A-9548-AD11178283B1}.Debug|Any CPU.Build.0 = Debug|Any CPU
		{E9284BC5-C336-4A1A-9548-AD11178283B1}.Release|Any CPU.ActiveCfg = Release|Any CPU
		{E9284BC5-C336-4A1A-9548-AD11178283B1}.Release|Any CPU.Build.0 = Release|Any CPU
		{5FD7AD0F-5F70-4A48-9007-B3B9778F7CA2}.Debug|Any CPU.ActiveCfg = Debug|Any CPU
		{5FD7AD0F-5F70-4A48-9007-B3B9778F7CA2}.Debug|Any CPU.Build.0 = Debug|Any CPU
		{5FD7AD0F-5F70-4A48-9007-B3B9778F7CA2}.Release|Any CPU.ActiveCfg = Release|Any CPU
		{5FD7AD0F-5F70-4A48-9007-B3B9778F7CA2}.Release|Any CPU.Build.0 = Release|Any CPU
		{C5002B14-4701-4C4F-B8B8-3800252EA1FB}.Debug|Any CPU.ActiveCfg = Debug|Any CPU
		{C5002B14-4701-4C4F-B8B8-3800252EA1FB}.Debug|Any CPU.Build.0 = Debug|Any CPU
		{C5002B14-4701-4C4F-B8B8-3800252EA1FB}.Release|Any CPU.ActiveCfg = Release|Any CPU
		{C5002B14-4701-4C4F-B8B8-3800252EA1FB}.Release|Any CPU.Build.0 = Release|Any CPU
		{F3115DE3-EBF9-44A7-9C3A-107578369F32}.Debug|Any CPU.ActiveCfg = Debug|Any CPU
		{F3115DE3-EBF9-44A7-9C3A-107578369F32}.Debug|Any CPU.Build.0 = Debug|Any CPU
		{F3115DE3-EBF9-44A7-9C3A-107578369F32}.Release|Any CPU.ActiveCfg = Release|Any CPU
		{F3115DE3-EBF9-44A7-9C3A-107578369F32}.Release|Any CPU.Build.0 = Release|Any CPU
		{F106B3A6-DAE8-44E9-BFD2-5948135C3207}.Debug|Any CPU.ActiveCfg = Debug|Any CPU
		{F106B3A6-DAE8-44E9-BFD2-5948135C3207}.Debug|Any CPU.Build.0 = Debug|Any CPU
		{F106B3A6-DAE8-44E9-BFD2-5948135C3207}.Release|Any CPU.ActiveCfg = Release|Any CPU
		{F106B3A6-DAE8-44E9-BFD2-5948135C3207}.Release|Any CPU.Build.0 = Release|Any CPU
		{B5341DF9-5A95-4E80-B495-D2598B158211}.Debug|Any CPU.ActiveCfg = Debug|Any CPU
		{B5341DF9-5A95-4E80-B495-D2598B158211}.Debug|Any CPU.Build.0 = Debug|Any CPU
		{B5341DF9-5A95-4E80-B495-D2598B158211}.Release|Any CPU.ActiveCfg = Release|Any CPU
		{B5341DF9-5A95-4E80-B495-D2598B158211}.Release|Any CPU.Build.0 = Release|Any CPU
		{274725B5-B2EE-492F-ABD7-53E69C883519}.Debug|Any CPU.ActiveCfg = Debug|Any CPU
		{274725B5-B2EE-492F-ABD7-53E69C883519}.Debug|Any CPU.Build.0 = Debug|Any CPU
		{274725B5-B2EE-492F-ABD7-53E69C883519}.Release|Any CPU.ActiveCfg = Release|Any CPU
		{274725B5-B2EE-492F-ABD7-53E69C883519}.Release|Any CPU.Build.0 = Release|Any CPU
	EndGlobalSection
	GlobalSection(SolutionProperties) = preSolution
		HideSolutionNode = FALSE
	EndGlobalSection
	GlobalSection(ExtensibilityGlobals) = postSolution
		SolutionGuid = {D22960AE-3B74-4F4B-A8C1-05F9B4C31E35}
	EndGlobalSection
EndGlobal
